// !$*UTF8*$!
{
	archiveVersion = 1;
	classes = {
	};
	objectVersion = 50;
	objects = {

/* Begin PBXBuildFile section */
		E3801972227A0B79000AEDD7 /* Network.swift in Sources */ = {isa = PBXBuildFile; fileRef = E3801971227A0B79000AEDD7 /* Network.swift */; };
		E3801974227A0B84000AEDD7 /* NetworkProtocol.swift in Sources */ = {isa = PBXBuildFile; fileRef = E3801973227A0B84000AEDD7 /* NetworkProtocol.swift */; };
		E3801976227A0BB3000AEDD7 /* UrlsApi.swift in Sources */ = {isa = PBXBuildFile; fileRef = E3801975227A0BB3000AEDD7 /* UrlsApi.swift */; };
		E3801978227A0BC4000AEDD7 /* UrlsApiProtocol.swift in Sources */ = {isa = PBXBuildFile; fileRef = E3801977227A0BC4000AEDD7 /* UrlsApiProtocol.swift */; };
		E380197A227A1264000AEDD7 /* PostListInteractor.swift in Sources */ = {isa = PBXBuildFile; fileRef = E3801979227A1264000AEDD7 /* PostListInteractor.swift */; };
		E3801981227A1E57000AEDD7 /* PostListApiEntity.swift in Sources */ = {isa = PBXBuildFile; fileRef = E3801980227A1E57000AEDD7 /* PostListApiEntity.swift */; };
		E3801983227A2081000AEDD7 /* PostListPresentationEntity.swift in Sources */ = {isa = PBXBuildFile; fileRef = E3801982227A2081000AEDD7 /* PostListPresentationEntity.swift */; };
		E3801987227A2750000AEDD7 /* ErrorView.swift in Sources */ = {isa = PBXBuildFile; fileRef = E3801986227A2750000AEDD7 /* ErrorView.swift */; };
		E3824F13227BA37B005FC2E2 /* PostDetailInteractor.swift in Sources */ = {isa = PBXBuildFile; fileRef = E3824F12227BA37B005FC2E2 /* PostDetailInteractor.swift */; };
		E3824F15227BA4D7005FC2E2 /* PostDetailWorker.swift in Sources */ = {isa = PBXBuildFile; fileRef = E3824F14227BA4D7005FC2E2 /* PostDetailWorker.swift */; };
		E3824F1A227C8550005FC2E2 /* PostDetailAuthorApiEntity.swift in Sources */ = {isa = PBXBuildFile; fileRef = E3824F19227C8550005FC2E2 /* PostDetailAuthorApiEntity.swift */; };
		E3824F1C227C85C3005FC2E2 /* PostDetailAuthorAddressApiEntity.swift in Sources */ = {isa = PBXBuildFile; fileRef = E3824F1B227C85C3005FC2E2 /* PostDetailAuthorAddressApiEntity.swift */; };
		E3824F1E227C86A2005FC2E2 /* PostDetailAuthorCompanyApiEntity.swift in Sources */ = {isa = PBXBuildFile; fileRef = E3824F1D227C86A2005FC2E2 /* PostDetailAuthorCompanyApiEntity.swift */; };
		E3824F20227C89A3005FC2E2 /* PostDetailPresentationEntity.swift in Sources */ = {isa = PBXBuildFile; fileRef = E3824F1F227C89A3005FC2E2 /* PostDetailPresentationEntity.swift */; };
		E3824F25227C9A03005FC2E2 /* Nimble.framework in Frameworks */ = {isa = PBXBuildFile; fileRef = E3824F21227C99FB005FC2E2 /* Nimble.framework */; };
		E3824F26227C9A06005FC2E2 /* Quick.framework in Frameworks */ = {isa = PBXBuildFile; fileRef = E3824F22227C99FB005FC2E2 /* Quick.framework */; };
		E3824F2C227C9A5F005FC2E2 /* PostListViewTests.swift in Sources */ = {isa = PBXBuildFile; fileRef = E3824F2B227C9A5F005FC2E2 /* PostListViewTests.swift */; };
		E3824F2E227C9A8F005FC2E2 /* PostListWorkerTests.swift in Sources */ = {isa = PBXBuildFile; fileRef = E3824F2D227C9A8F005FC2E2 /* PostListWorkerTests.swift */; };
		E3824F30227C9AA8005FC2E2 /* PostListRouterTests.swift in Sources */ = {isa = PBXBuildFile; fileRef = E3824F2F227C9AA8005FC2E2 /* PostListRouterTests.swift */; };
		E3824F32227C9AB4005FC2E2 /* PostListPresenterTests.swift in Sources */ = {isa = PBXBuildFile; fileRef = E3824F31227C9AB4005FC2E2 /* PostListPresenterTests.swift */; };
		E3824F34227C9ABF005FC2E2 /* PostListInteractorTests.swift in Sources */ = {isa = PBXBuildFile; fileRef = E3824F33227C9ABF005FC2E2 /* PostListInteractorTests.swift */; };
		E3824F36227C9ACF005FC2E2 /* PostListWorkerMock.swift in Sources */ = {isa = PBXBuildFile; fileRef = E3824F35227C9ACF005FC2E2 /* PostListWorkerMock.swift */; };
		E3824F38227C9ADA005FC2E2 /* PostListViewMock.swift in Sources */ = {isa = PBXBuildFile; fileRef = E3824F37227C9ADA005FC2E2 /* PostListViewMock.swift */; };
		E3824F3A227C9AE7005FC2E2 /* PostListRouterMock.swift in Sources */ = {isa = PBXBuildFile; fileRef = E3824F39227C9AE7005FC2E2 /* PostListRouterMock.swift */; };
		E3824F3C227C9AF3005FC2E2 /* PostListPresenterMock.swift in Sources */ = {isa = PBXBuildFile; fileRef = E3824F3B227C9AF3005FC2E2 /* PostListPresenterMock.swift */; };
		E3824F3E227C9AFF005FC2E2 /* PostListInteractorMock.swift in Sources */ = {isa = PBXBuildFile; fileRef = E3824F3D227C9AFF005FC2E2 /* PostListInteractorMock.swift */; };
		E3824F42227CA123005FC2E2 /* PostListWorker.swift in Sources */ = {isa = PBXBuildFile; fileRef = E3A69E9F2278F60D00F1BB7E /* PostListWorker.swift */; };
		E3824F44227CA225005FC2E2 /* PostListResquestMock.json in Resources */ = {isa = PBXBuildFile; fileRef = E3824F43227CA225005FC2E2 /* PostListResquestMock.json */; };
		E3824F4B227CB733005FC2E2 /* PostListNetworkMock.swift in Sources */ = {isa = PBXBuildFile; fileRef = E3824F4A227CB733005FC2E2 /* PostListNetworkMock.swift */; };
		E3824F4C227CB81D005FC2E2 /* PostListResquestMock.json in Resources */ = {isa = PBXBuildFile; fileRef = E3824F43227CA225005FC2E2 /* PostListResquestMock.json */; };
		E3824F50227CBA0C005FC2E2 /* PostDetailInteractorMock.swift in Sources */ = {isa = PBXBuildFile; fileRef = E3824F4F227CBA0C005FC2E2 /* PostDetailInteractorMock.swift */; };
		E3824F52227CBA18005FC2E2 /* PostDetailPresenterMock.swift in Sources */ = {isa = PBXBuildFile; fileRef = E3824F51227CBA18005FC2E2 /* PostDetailPresenterMock.swift */; };
		E3824F54227CBA23005FC2E2 /* PostDetailRouterMock.swift in Sources */ = {isa = PBXBuildFile; fileRef = E3824F53227CBA23005FC2E2 /* PostDetailRouterMock.swift */; };
		E3824F56227CBA2E005FC2E2 /* PostDetailViewMock.swift in Sources */ = {isa = PBXBuildFile; fileRef = E3824F55227CBA2E005FC2E2 /* PostDetailViewMock.swift */; };
		E3824F58227CBA3B005FC2E2 /* PostDetailWorkerMock.swift in Sources */ = {isa = PBXBuildFile; fileRef = E3824F57227CBA3B005FC2E2 /* PostDetailWorkerMock.swift */; };
		E3824F5A227CBA52005FC2E2 /* PostDetailNetworkMock.swift in Sources */ = {isa = PBXBuildFile; fileRef = E3824F59227CBA52005FC2E2 /* PostDetailNetworkMock.swift */; };
		E3824F5C227CBA65005FC2E2 /* PostDetailRequestMock.json in Resources */ = {isa = PBXBuildFile; fileRef = E3824F5B227CBA65005FC2E2 /* PostDetailRequestMock.json */; };
		E3824F5E227CBAFC005FC2E2 /* PostDetailInteractorTests.swift in Sources */ = {isa = PBXBuildFile; fileRef = E3824F5D227CBAFC005FC2E2 /* PostDetailInteractorTests.swift */; };
		E3824F60227CBB07005FC2E2 /* PostDetailPresenterTests.swift in Sources */ = {isa = PBXBuildFile; fileRef = E3824F5F227CBB07005FC2E2 /* PostDetailPresenterTests.swift */; };
		E3824F62227CBB15005FC2E2 /* PostDetailRouterTests.swift in Sources */ = {isa = PBXBuildFile; fileRef = E3824F61227CBB15005FC2E2 /* PostDetailRouterTests.swift */; };
		E3824F64227CBB20005FC2E2 /* PostDetailViewTests.swift in Sources */ = {isa = PBXBuildFile; fileRef = E3824F63227CBB20005FC2E2 /* PostDetailViewTests.swift */; };
		E3824F66227CBB2C005FC2E2 /* PostDetailWorkerTests.swift in Sources */ = {isa = PBXBuildFile; fileRef = E3824F65227CBB2C005FC2E2 /* PostDetailWorkerTests.swift */; };
		E3824F67227CD1A0005FC2E2 /* PostDetailRequestMock.json in Resources */ = {isa = PBXBuildFile; fileRef = E3824F5B227CBA65005FC2E2 /* PostDetailRequestMock.json */; };
		E3824F6C227CD97A005FC2E2 /* AppRouterTests.swift in Sources */ = {isa = PBXBuildFile; fileRef = E3824F6B227CD97A005FC2E2 /* AppRouterTests.swift */; };
		E3824F70227CDA37005FC2E2 /* UrlsApiTests.swift in Sources */ = {isa = PBXBuildFile; fileRef = E3824F6F227CDA37005FC2E2 /* UrlsApiTests.swift */; };
		E3824F73227CDDC3005FC2E2 /* UIFontExtensionTests.swift in Sources */ = {isa = PBXBuildFile; fileRef = E3824F72227CDDC3005FC2E2 /* UIFontExtensionTests.swift */; };
		E3824F75227CDF0A005FC2E2 /* UIColorExtensionTests.swift in Sources */ = {isa = PBXBuildFile; fileRef = E3824F74227CDF0A005FC2E2 /* UIColorExtensionTests.swift */; };
		E3A69E672278DE7500F1BB7E /* AppDelegate.swift in Sources */ = {isa = PBXBuildFile; fileRef = E3A69E662278DE7500F1BB7E /* AppDelegate.swift */; };
		E3A69E6E2278DE7700F1BB7E /* Assets.xcassets in Resources */ = {isa = PBXBuildFile; fileRef = E3A69E6D2278DE7700F1BB7E /* Assets.xcassets */; };
		E3A69E712278DE7700F1BB7E /* LaunchScreen.storyboard in Resources */ = {isa = PBXBuildFile; fileRef = E3A69E6F2278DE7700F1BB7E /* LaunchScreen.storyboard */; };
		E3A69E8C2278F14700F1BB7E /* Kingfisher.framework in Frameworks */ = {isa = PBXBuildFile; fileRef = E3A69E8A2278F14700F1BB7E /* Kingfisher.framework */; };
		E3A69E8D2278F14700F1BB7E /* Alamofire.framework in Frameworks */ = {isa = PBXBuildFile; fileRef = E3A69E8B2278F14700F1BB7E /* Alamofire.framework */; };
		E3A69E962278F52700F1BB7E /* AppRouter.swift in Sources */ = {isa = PBXBuildFile; fileRef = E3A69E952278F52700F1BB7E /* AppRouter.swift */; };
		E3A69E9A2278F5E400F1BB7E /* PostListView.swift in Sources */ = {isa = PBXBuildFile; fileRef = E3A69E992278F5E400F1BB7E /* PostListView.swift */; };
		E3A69E9C2278F5F200F1BB7E /* PostListProtocols.swift in Sources */ = {isa = PBXBuildFile; fileRef = E3A69E9B2278F5F200F1BB7E /* PostListProtocols.swift */; };
		E3A69E9E2278F5FD00F1BB7E /* PostListPresenter.swift in Sources */ = {isa = PBXBuildFile; fileRef = E3A69E9D2278F5FD00F1BB7E /* PostListPresenter.swift */; };
		E3A69EA22278F61600F1BB7E /* PostListCell.swift in Sources */ = {isa = PBXBuildFile; fileRef = E3A69EA12278F61600F1BB7E /* PostListCell.swift */; };
		E3A69EA52278F67300F1BB7E /* UIViewExtension.swift in Sources */ = {isa = PBXBuildFile; fileRef = E3A69EA42278F67300F1BB7E /* UIViewExtension.swift */; };
		E3A69EA72278F68400F1BB7E /* UIViewControllerExtension.swift in Sources */ = {isa = PBXBuildFile; fileRef = E3A69EA62278F68400F1BB7E /* UIViewControllerExtension.swift */; };
		E3A69EA92278F81400F1BB7E /* PostListRouter.swift in Sources */ = {isa = PBXBuildFile; fileRef = E3A69EA82278F81400F1BB7E /* PostListRouter.swift */; };
		E3A69EAB227903D800F1BB7E /* StringExtension.swift in Sources */ = {isa = PBXBuildFile; fileRef = E3A69EAA227903D800F1BB7E /* StringExtension.swift */; };
		E3A69EAD2279041000F1BB7E /* UIColorExtension.swift in Sources */ = {isa = PBXBuildFile; fileRef = E3A69EAC2279041000F1BB7E /* UIColorExtension.swift */; };
		E3A69EB022790C1100F1BB7E /* Nunito-Bold.ttf in Resources */ = {isa = PBXBuildFile; fileRef = E3A69EAF22790C1100F1BB7E /* Nunito-Bold.ttf */; };
		E3A69EB222790D3800F1BB7E /* UIFontExtension.swift in Sources */ = {isa = PBXBuildFile; fileRef = E3A69EB122790D3800F1BB7E /* UIFontExtension.swift */; };
		E3A69EB42279100600F1BB7E /* Nunito-Regular.ttf in Resources */ = {isa = PBXBuildFile; fileRef = E3A69EB32279100600F1BB7E /* Nunito-Regular.ttf */; };
		E3A69EB622791E0300F1BB7E /* UINavigationControllerExtension.swift in Sources */ = {isa = PBXBuildFile; fileRef = E3A69EB522791E0300F1BB7E /* UINavigationControllerExtension.swift */; };
		E3A69EB82279207500F1BB7E /* PostDetailPresenter.swift in Sources */ = {isa = PBXBuildFile; fileRef = E3A69EB72279207500F1BB7E /* PostDetailPresenter.swift */; };
		E3A69EBA2279208000F1BB7E /* PostDetailProtocols.swift in Sources */ = {isa = PBXBuildFile; fileRef = E3A69EB92279208000F1BB7E /* PostDetailProtocols.swift */; };
		E3A69EBE227920AE00F1BB7E /* PostDetailView.swift in Sources */ = {isa = PBXBuildFile; fileRef = E3A69EBD227920AE00F1BB7E /* PostDetailView.swift */; };
		E3A69EC0227920B600F1BB7E /* PostDetailRouter.swift in Sources */ = {isa = PBXBuildFile; fileRef = E3A69EBF227920B600F1BB7E /* PostDetailRouter.swift */; };
/* End PBXBuildFile section */

/* Begin PBXContainerItemProxy section */
		E3A69E782278DE7700F1BB7E /* PBXContainerItemProxy */ = {
			isa = PBXContainerItemProxy;
			containerPortal = E3A69E5B2278DE7500F1BB7E /* Project object */;
			proxyType = 1;
			remoteGlobalIDString = E3A69E622278DE7500F1BB7E;
			remoteInfo = "Blog Posts";
		};
/* End PBXContainerItemProxy section */

/* Begin PBXFileReference section */
		E3801971227A0B79000AEDD7 /* Network.swift */ = {isa = PBXFileReference; lastKnownFileType = sourcecode.swift; path = Network.swift; sourceTree = "<group>"; };
		E3801973227A0B84000AEDD7 /* NetworkProtocol.swift */ = {isa = PBXFileReference; lastKnownFileType = sourcecode.swift; path = NetworkProtocol.swift; sourceTree = "<group>"; };
		E3801975227A0BB3000AEDD7 /* UrlsApi.swift */ = {isa = PBXFileReference; lastKnownFileType = sourcecode.swift; path = UrlsApi.swift; sourceTree = "<group>"; };
		E3801977227A0BC4000AEDD7 /* UrlsApiProtocol.swift */ = {isa = PBXFileReference; lastKnownFileType = sourcecode.swift; path = UrlsApiProtocol.swift; sourceTree = "<group>"; };
		E3801979227A1264000AEDD7 /* PostListInteractor.swift */ = {isa = PBXFileReference; lastKnownFileType = sourcecode.swift; path = PostListInteractor.swift; sourceTree = "<group>"; };
		E3801980227A1E57000AEDD7 /* PostListApiEntity.swift */ = {isa = PBXFileReference; fileEncoding = 4; lastKnownFileType = sourcecode.swift; path = PostListApiEntity.swift; sourceTree = "<group>"; };
		E3801982227A2081000AEDD7 /* PostListPresentationEntity.swift */ = {isa = PBXFileReference; lastKnownFileType = sourcecode.swift; path = PostListPresentationEntity.swift; sourceTree = "<group>"; };
		E3801986227A2750000AEDD7 /* ErrorView.swift */ = {isa = PBXFileReference; lastKnownFileType = sourcecode.swift; path = ErrorView.swift; sourceTree = "<group>"; };
		E3824F12227BA37B005FC2E2 /* PostDetailInteractor.swift */ = {isa = PBXFileReference; lastKnownFileType = sourcecode.swift; path = PostDetailInteractor.swift; sourceTree = "<group>"; };
		E3824F14227BA4D7005FC2E2 /* PostDetailWorker.swift */ = {isa = PBXFileReference; lastKnownFileType = sourcecode.swift; path = PostDetailWorker.swift; sourceTree = "<group>"; };
		E3824F19227C8550005FC2E2 /* PostDetailAuthorApiEntity.swift */ = {isa = PBXFileReference; lastKnownFileType = sourcecode.swift; path = PostDetailAuthorApiEntity.swift; sourceTree = "<group>"; };
		E3824F1B227C85C3005FC2E2 /* PostDetailAuthorAddressApiEntity.swift */ = {isa = PBXFileReference; lastKnownFileType = sourcecode.swift; path = PostDetailAuthorAddressApiEntity.swift; sourceTree = "<group>"; };
		E3824F1D227C86A2005FC2E2 /* PostDetailAuthorCompanyApiEntity.swift */ = {isa = PBXFileReference; lastKnownFileType = sourcecode.swift; path = PostDetailAuthorCompanyApiEntity.swift; sourceTree = "<group>"; };
		E3824F1F227C89A3005FC2E2 /* PostDetailPresentationEntity.swift */ = {isa = PBXFileReference; lastKnownFileType = sourcecode.swift; path = PostDetailPresentationEntity.swift; sourceTree = "<group>"; };
		E3824F21227C99FB005FC2E2 /* Nimble.framework */ = {isa = PBXFileReference; lastKnownFileType = wrapper.framework; name = Nimble.framework; path = Carthage/Build/iOS/Nimble.framework; sourceTree = "<group>"; };
		E3824F22227C99FB005FC2E2 /* Quick.framework */ = {isa = PBXFileReference; lastKnownFileType = wrapper.framework; name = Quick.framework; path = Carthage/Build/iOS/Quick.framework; sourceTree = "<group>"; };
		E3824F2A227C9A5F005FC2E2 /* Blog PostsTests-Bridging-Header.h */ = {isa = PBXFileReference; lastKnownFileType = sourcecode.c.h; path = "Blog PostsTests-Bridging-Header.h"; sourceTree = "<group>"; };
		E3824F2B227C9A5F005FC2E2 /* PostListViewTests.swift */ = {isa = PBXFileReference; lastKnownFileType = sourcecode.swift; path = PostListViewTests.swift; sourceTree = "<group>"; };
		E3824F2D227C9A8F005FC2E2 /* PostListWorkerTests.swift */ = {isa = PBXFileReference; lastKnownFileType = sourcecode.swift; path = PostListWorkerTests.swift; sourceTree = "<group>"; };
		E3824F2F227C9AA8005FC2E2 /* PostListRouterTests.swift */ = {isa = PBXFileReference; lastKnownFileType = sourcecode.swift; path = PostListRouterTests.swift; sourceTree = "<group>"; };
		E3824F31227C9AB4005FC2E2 /* PostListPresenterTests.swift */ = {isa = PBXFileReference; lastKnownFileType = sourcecode.swift; path = PostListPresenterTests.swift; sourceTree = "<group>"; };
		E3824F33227C9ABF005FC2E2 /* PostListInteractorTests.swift */ = {isa = PBXFileReference; lastKnownFileType = sourcecode.swift; path = PostListInteractorTests.swift; sourceTree = "<group>"; };
		E3824F35227C9ACF005FC2E2 /* PostListWorkerMock.swift */ = {isa = PBXFileReference; lastKnownFileType = sourcecode.swift; path = PostListWorkerMock.swift; sourceTree = "<group>"; };
		E3824F37227C9ADA005FC2E2 /* PostListViewMock.swift */ = {isa = PBXFileReference; lastKnownFileType = sourcecode.swift; path = PostListViewMock.swift; sourceTree = "<group>"; };
		E3824F39227C9AE7005FC2E2 /* PostListRouterMock.swift */ = {isa = PBXFileReference; lastKnownFileType = sourcecode.swift; path = PostListRouterMock.swift; sourceTree = "<group>"; };
		E3824F3B227C9AF3005FC2E2 /* PostListPresenterMock.swift */ = {isa = PBXFileReference; lastKnownFileType = sourcecode.swift; path = PostListPresenterMock.swift; sourceTree = "<group>"; };
		E3824F3D227C9AFF005FC2E2 /* PostListInteractorMock.swift */ = {isa = PBXFileReference; lastKnownFileType = sourcecode.swift; path = PostListInteractorMock.swift; sourceTree = "<group>"; };
		E3824F43227CA225005FC2E2 /* PostListResquestMock.json */ = {isa = PBXFileReference; lastKnownFileType = text.json; path = PostListResquestMock.json; sourceTree = "<group>"; };
		E3824F4A227CB733005FC2E2 /* PostListNetworkMock.swift */ = {isa = PBXFileReference; lastKnownFileType = sourcecode.swift; path = PostListNetworkMock.swift; sourceTree = "<group>"; };
		E3824F4F227CBA0C005FC2E2 /* PostDetailInteractorMock.swift */ = {isa = PBXFileReference; lastKnownFileType = sourcecode.swift; path = PostDetailInteractorMock.swift; sourceTree = "<group>"; };
		E3824F51227CBA18005FC2E2 /* PostDetailPresenterMock.swift */ = {isa = PBXFileReference; lastKnownFileType = sourcecode.swift; path = PostDetailPresenterMock.swift; sourceTree = "<group>"; };
		E3824F53227CBA23005FC2E2 /* PostDetailRouterMock.swift */ = {isa = PBXFileReference; lastKnownFileType = sourcecode.swift; path = PostDetailRouterMock.swift; sourceTree = "<group>"; };
		E3824F55227CBA2E005FC2E2 /* PostDetailViewMock.swift */ = {isa = PBXFileReference; lastKnownFileType = sourcecode.swift; path = PostDetailViewMock.swift; sourceTree = "<group>"; };
		E3824F57227CBA3B005FC2E2 /* PostDetailWorkerMock.swift */ = {isa = PBXFileReference; lastKnownFileType = sourcecode.swift; path = PostDetailWorkerMock.swift; sourceTree = "<group>"; };
		E3824F59227CBA52005FC2E2 /* PostDetailNetworkMock.swift */ = {isa = PBXFileReference; lastKnownFileType = sourcecode.swift; path = PostDetailNetworkMock.swift; sourceTree = "<group>"; };
		E3824F5B227CBA65005FC2E2 /* PostDetailRequestMock.json */ = {isa = PBXFileReference; lastKnownFileType = text.json; path = PostDetailRequestMock.json; sourceTree = "<group>"; };
		E3824F5D227CBAFC005FC2E2 /* PostDetailInteractorTests.swift */ = {isa = PBXFileReference; lastKnownFileType = sourcecode.swift; path = PostDetailInteractorTests.swift; sourceTree = "<group>"; };
		E3824F5F227CBB07005FC2E2 /* PostDetailPresenterTests.swift */ = {isa = PBXFileReference; lastKnownFileType = sourcecode.swift; path = PostDetailPresenterTests.swift; sourceTree = "<group>"; };
		E3824F61227CBB15005FC2E2 /* PostDetailRouterTests.swift */ = {isa = PBXFileReference; lastKnownFileType = sourcecode.swift; path = PostDetailRouterTests.swift; sourceTree = "<group>"; };
		E3824F63227CBB20005FC2E2 /* PostDetailViewTests.swift */ = {isa = PBXFileReference; lastKnownFileType = sourcecode.swift; path = PostDetailViewTests.swift; sourceTree = "<group>"; };
		E3824F65227CBB2C005FC2E2 /* PostDetailWorkerTests.swift */ = {isa = PBXFileReference; lastKnownFileType = sourcecode.swift; path = PostDetailWorkerTests.swift; sourceTree = "<group>"; };
		E3824F6B227CD97A005FC2E2 /* AppRouterTests.swift */ = {isa = PBXFileReference; lastKnownFileType = sourcecode.swift; path = AppRouterTests.swift; sourceTree = "<group>"; };
		E3824F6F227CDA37005FC2E2 /* UrlsApiTests.swift */ = {isa = PBXFileReference; lastKnownFileType = sourcecode.swift; path = UrlsApiTests.swift; sourceTree = "<group>"; };
		E3824F72227CDDC3005FC2E2 /* UIFontExtensionTests.swift */ = {isa = PBXFileReference; lastKnownFileType = sourcecode.swift; path = UIFontExtensionTests.swift; sourceTree = "<group>"; };
		E3824F74227CDF0A005FC2E2 /* UIColorExtensionTests.swift */ = {isa = PBXFileReference; lastKnownFileType = sourcecode.swift; path = UIColorExtensionTests.swift; sourceTree = "<group>"; };
		E3A69E632278DE7500F1BB7E /* MasterCook.app */ = {isa = PBXFileReference; explicitFileType = wrapper.application; includeInIndex = 0; path = MasterCook.app; sourceTree = BUILT_PRODUCTS_DIR; };
		E3A69E662278DE7500F1BB7E /* AppDelegate.swift */ = {isa = PBXFileReference; lastKnownFileType = sourcecode.swift; path = AppDelegate.swift; sourceTree = "<group>"; };
		E3A69E6D2278DE7700F1BB7E /* Assets.xcassets */ = {isa = PBXFileReference; lastKnownFileType = folder.assetcatalog; path = Assets.xcassets; sourceTree = "<group>"; };
		E3A69E702278DE7700F1BB7E /* Base */ = {isa = PBXFileReference; lastKnownFileType = file.storyboard; name = Base; path = Base.lproj/LaunchScreen.storyboard; sourceTree = "<group>"; };
		E3A69E722278DE7700F1BB7E /* Info.plist */ = {isa = PBXFileReference; lastKnownFileType = text.plist.xml; path = Info.plist; sourceTree = "<group>"; };
		E3A69E772278DE7700F1BB7E /* MasterCookTests.xctest */ = {isa = PBXFileReference; explicitFileType = wrapper.cfbundle; includeInIndex = 0; path = MasterCookTests.xctest; sourceTree = BUILT_PRODUCTS_DIR; };
		E3A69E7D2278DE7700F1BB7E /* Info.plist */ = {isa = PBXFileReference; lastKnownFileType = text.plist.xml; path = Info.plist; sourceTree = "<group>"; };
		E3A69E872278EF8900F1BB7E /* Cartfile */ = {isa = PBXFileReference; lastKnownFileType = text; path = Cartfile; sourceTree = "<group>"; };
		E3A69E8A2278F14700F1BB7E /* Kingfisher.framework */ = {isa = PBXFileReference; lastKnownFileType = wrapper.framework; name = Kingfisher.framework; path = Carthage/Build/iOS/Kingfisher.framework; sourceTree = "<group>"; };
		E3A69E8B2278F14700F1BB7E /* Alamofire.framework */ = {isa = PBXFileReference; lastKnownFileType = wrapper.framework; name = Alamofire.framework; path = Carthage/Build/iOS/Alamofire.framework; sourceTree = "<group>"; };
		E3A69E952278F52700F1BB7E /* AppRouter.swift */ = {isa = PBXFileReference; lastKnownFileType = sourcecode.swift; path = AppRouter.swift; sourceTree = "<group>"; };
		E3A69E992278F5E400F1BB7E /* PostListView.swift */ = {isa = PBXFileReference; lastKnownFileType = sourcecode.swift; path = PostListView.swift; sourceTree = "<group>"; };
		E3A69E9B2278F5F200F1BB7E /* PostListProtocols.swift */ = {isa = PBXFileReference; lastKnownFileType = sourcecode.swift; path = PostListProtocols.swift; sourceTree = "<group>"; };
		E3A69E9D2278F5FD00F1BB7E /* PostListPresenter.swift */ = {isa = PBXFileReference; lastKnownFileType = sourcecode.swift; path = PostListPresenter.swift; sourceTree = "<group>"; };
		E3A69E9F2278F60D00F1BB7E /* PostListWorker.swift */ = {isa = PBXFileReference; lastKnownFileType = sourcecode.swift; path = PostListWorker.swift; sourceTree = "<group>"; };
		E3A69EA12278F61600F1BB7E /* PostListCell.swift */ = {isa = PBXFileReference; lastKnownFileType = sourcecode.swift; path = PostListCell.swift; sourceTree = "<group>"; };
		E3A69EA42278F67300F1BB7E /* UIViewExtension.swift */ = {isa = PBXFileReference; lastKnownFileType = sourcecode.swift; path = UIViewExtension.swift; sourceTree = "<group>"; };
		E3A69EA62278F68400F1BB7E /* UIViewControllerExtension.swift */ = {isa = PBXFileReference; lastKnownFileType = sourcecode.swift; path = UIViewControllerExtension.swift; sourceTree = "<group>"; };
		E3A69EA82278F81400F1BB7E /* PostListRouter.swift */ = {isa = PBXFileReference; lastKnownFileType = sourcecode.swift; path = PostListRouter.swift; sourceTree = "<group>"; };
		E3A69EAA227903D800F1BB7E /* StringExtension.swift */ = {isa = PBXFileReference; lastKnownFileType = sourcecode.swift; path = StringExtension.swift; sourceTree = "<group>"; };
		E3A69EAC2279041000F1BB7E /* UIColorExtension.swift */ = {isa = PBXFileReference; lastKnownFileType = sourcecode.swift; path = UIColorExtension.swift; sourceTree = "<group>"; };
		E3A69EAF22790C1100F1BB7E /* Nunito-Bold.ttf */ = {isa = PBXFileReference; lastKnownFileType = file; path = "Nunito-Bold.ttf"; sourceTree = "<group>"; };
		E3A69EB122790D3800F1BB7E /* UIFontExtension.swift */ = {isa = PBXFileReference; lastKnownFileType = sourcecode.swift; path = UIFontExtension.swift; sourceTree = "<group>"; };
		E3A69EB32279100600F1BB7E /* Nunito-Regular.ttf */ = {isa = PBXFileReference; lastKnownFileType = file; path = "Nunito-Regular.ttf"; sourceTree = "<group>"; };
		E3A69EB522791E0300F1BB7E /* UINavigationControllerExtension.swift */ = {isa = PBXFileReference; lastKnownFileType = sourcecode.swift; path = UINavigationControllerExtension.swift; sourceTree = "<group>"; };
		E3A69EB72279207500F1BB7E /* PostDetailPresenter.swift */ = {isa = PBXFileReference; lastKnownFileType = sourcecode.swift; path = PostDetailPresenter.swift; sourceTree = "<group>"; };
		E3A69EB92279208000F1BB7E /* PostDetailProtocols.swift */ = {isa = PBXFileReference; lastKnownFileType = sourcecode.swift; path = PostDetailProtocols.swift; sourceTree = "<group>"; };
		E3A69EBD227920AE00F1BB7E /* PostDetailView.swift */ = {isa = PBXFileReference; lastKnownFileType = sourcecode.swift; path = PostDetailView.swift; sourceTree = "<group>"; };
		E3A69EBF227920B600F1BB7E /* PostDetailRouter.swift */ = {isa = PBXFileReference; lastKnownFileType = sourcecode.swift; path = PostDetailRouter.swift; sourceTree = "<group>"; };
/* End PBXFileReference section */

/* Begin PBXFrameworksBuildPhase section */
		E3A69E602278DE7500F1BB7E /* Frameworks */ = {
			isa = PBXFrameworksBuildPhase;
			buildActionMask = 2147483647;
			files = (
				E3A69E8C2278F14700F1BB7E /* Kingfisher.framework in Frameworks */,
				E3A69E8D2278F14700F1BB7E /* Alamofire.framework in Frameworks */,
			);
			runOnlyForDeploymentPostprocessing = 0;
		};
		E3A69E742278DE7700F1BB7E /* Frameworks */ = {
			isa = PBXFrameworksBuildPhase;
			buildActionMask = 2147483647;
			files = (
				E3824F26227C9A06005FC2E2 /* Quick.framework in Frameworks */,
				E3824F25227C9A03005FC2E2 /* Nimble.framework in Frameworks */,
			);
			runOnlyForDeploymentPostprocessing = 0;
		};
/* End PBXFrameworksBuildPhase section */

/* Begin PBXGroup section */
		E380196E227A0B42000AEDD7 /* Libraries */ = {
			isa = PBXGroup;
			children = (
				E380196F227A0B62000AEDD7 /* Network */,
				E3801970227A0B68000AEDD7 /* UrlsApi */,
			);
			path = Libraries;
			sourceTree = "<group>";
		};
		E380196F227A0B62000AEDD7 /* Network */ = {
			isa = PBXGroup;
			children = (
				E3801971227A0B79000AEDD7 /* Network.swift */,
				E3801973227A0B84000AEDD7 /* NetworkProtocol.swift */,
			);
			path = Network;
			sourceTree = "<group>";
		};
		E3801970227A0B68000AEDD7 /* UrlsApi */ = {
			isa = PBXGroup;
			children = (
				E3801975227A0BB3000AEDD7 /* UrlsApi.swift */,
				E3801977227A0BC4000AEDD7 /* UrlsApiProtocol.swift */,
			);
			path = UrlsApi;
			sourceTree = "<group>";
		};
		E380197B227A1B04000AEDD7 /* Entity */ = {
			isa = PBXGroup;
			children = (
				E380197C227A1B0C000AEDD7 /* Api */,
				E380197D227A1B10000AEDD7 /* Presentation */,
			);
			path = Entity;
			sourceTree = "<group>";
		};
		E380197C227A1B0C000AEDD7 /* Api */ = {
			isa = PBXGroup;
			children = (
				E3801980227A1E57000AEDD7 /* PostListApiEntity.swift */,
			);
			path = Api;
			sourceTree = "<group>";
		};
		E380197D227A1B10000AEDD7 /* Presentation */ = {
			isa = PBXGroup;
			children = (
				E3801982227A2081000AEDD7 /* PostListPresentationEntity.swift */,
			);
			path = Presentation;
			sourceTree = "<group>";
		};
		E3801984227A272E000AEDD7 /* Components */ = {
			isa = PBXGroup;
			children = (
				E3801985227A2737000AEDD7 /* ErrorView */,
			);
			path = Components;
			sourceTree = "<group>";
		};
		E3801985227A2737000AEDD7 /* ErrorView */ = {
			isa = PBXGroup;
			children = (
				E3801986227A2750000AEDD7 /* ErrorView.swift */,
			);
			path = ErrorView;
			sourceTree = "<group>";
		};
		E3824F16227C8483005FC2E2 /* Entity */ = {
			isa = PBXGroup;
			children = (
				E3824F17227C8488005FC2E2 /* Api */,
				E3824F18227C849A005FC2E2 /* Presentation */,
			);
			path = Entity;
			sourceTree = "<group>";
		};
		E3824F17227C8488005FC2E2 /* Api */ = {
			isa = PBXGroup;
			children = (
				E3824F1B227C85C3005FC2E2 /* PostDetailAuthorAddressApiEntity.swift */,
				E3824F19227C8550005FC2E2 /* PostDetailAuthorApiEntity.swift */,
				E3824F1D227C86A2005FC2E2 /* PostDetailAuthorCompanyApiEntity.swift */,
			);
			path = Api;
			sourceTree = "<group>";
		};
		E3824F18227C849A005FC2E2 /* Presentation */ = {
			isa = PBXGroup;
			children = (
				E3824F1F227C89A3005FC2E2 /* PostDetailPresentationEntity.swift */,
			);
			path = Presentation;
			sourceTree = "<group>";
		};
		E3824F27227C9A17005FC2E2 /* Modules */ = {
			isa = PBXGroup;
			children = (
				E3824F4D227CB9F0005FC2E2 /* PostDetail */,
				E3824F28227C9A2D005FC2E2 /* PostList */,
			);
			path = Modules;
			sourceTree = "<group>";
		};
		E3824F28227C9A2D005FC2E2 /* PostList */ = {
			isa = PBXGroup;
			children = (
				E3824F29227C9A42005FC2E2 /* Mock */,
				E3824F33227C9ABF005FC2E2 /* PostListInteractorTests.swift */,
				E3824F31227C9AB4005FC2E2 /* PostListPresenterTests.swift */,
				E3824F2F227C9AA8005FC2E2 /* PostListRouterTests.swift */,
				E3824F2B227C9A5F005FC2E2 /* PostListViewTests.swift */,
				E3824F2D227C9A8F005FC2E2 /* PostListWorkerTests.swift */,
			);
			path = PostList;
			sourceTree = "<group>";
		};
		E3824F29227C9A42005FC2E2 /* Mock */ = {
			isa = PBXGroup;
			children = (
				E3824F3D227C9AFF005FC2E2 /* PostListInteractorMock.swift */,
				E3824F4A227CB733005FC2E2 /* PostListNetworkMock.swift */,
				E3824F3B227C9AF3005FC2E2 /* PostListPresenterMock.swift */,
				E3824F39227C9AE7005FC2E2 /* PostListRouterMock.swift */,
				E3824F37227C9ADA005FC2E2 /* PostListViewMock.swift */,
				E3824F35227C9ACF005FC2E2 /* PostListWorkerMock.swift */,
				E3824F43227CA225005FC2E2 /* PostListResquestMock.json */,
			);
			path = Mock;
			sourceTree = "<group>";
		};
		E3824F4D227CB9F0005FC2E2 /* PostDetail */ = {
			isa = PBXGroup;
			children = (
				E3824F4E227CB9F6005FC2E2 /* Mock */,
				E3824F5D227CBAFC005FC2E2 /* PostDetailInteractorTests.swift */,
				E3824F5F227CBB07005FC2E2 /* PostDetailPresenterTests.swift */,
				E3824F61227CBB15005FC2E2 /* PostDetailRouterTests.swift */,
				E3824F63227CBB20005FC2E2 /* PostDetailViewTests.swift */,
				E3824F65227CBB2C005FC2E2 /* PostDetailWorkerTests.swift */,
			);
			path = PostDetail;
			sourceTree = "<group>";
		};
		E3824F4E227CB9F6005FC2E2 /* Mock */ = {
			isa = PBXGroup;
			children = (
				E3824F4F227CBA0C005FC2E2 /* PostDetailInteractorMock.swift */,
				E3824F59227CBA52005FC2E2 /* PostDetailNetworkMock.swift */,
				E3824F51227CBA18005FC2E2 /* PostDetailPresenterMock.swift */,
				E3824F53227CBA23005FC2E2 /* PostDetailRouterMock.swift */,
				E3824F55227CBA2E005FC2E2 /* PostDetailViewMock.swift */,
				E3824F57227CBA3B005FC2E2 /* PostDetailWorkerMock.swift */,
				E3824F5B227CBA65005FC2E2 /* PostDetailRequestMock.json */,
			);
			path = Mock;
			sourceTree = "<group>";
		};
		E3824F6A227CD96F005FC2E2 /* App */ = {
			isa = PBXGroup;
			children = (
				E3824F6B227CD97A005FC2E2 /* AppRouterTests.swift */,
			);
			path = App;
			sourceTree = "<group>";
		};
		E3824F6D227CDA15005FC2E2 /* Common */ = {
			isa = PBXGroup;
			children = (
				E3824F71227CDDB1005FC2E2 /* Extensions */,
				E3824F6E227CDA1E005FC2E2 /* Libraries */,
			);
			path = Common;
			sourceTree = "<group>";
		};
		E3824F6E227CDA1E005FC2E2 /* Libraries */ = {
			isa = PBXGroup;
			children = (
				E3824F6F227CDA37005FC2E2 /* UrlsApiTests.swift */,
			);
			path = Libraries;
			sourceTree = "<group>";
		};
		E3824F71227CDDB1005FC2E2 /* Extensions */ = {
			isa = PBXGroup;
			children = (
				E3824F74227CDF0A005FC2E2 /* UIColorExtensionTests.swift */,
				E3824F72227CDDC3005FC2E2 /* UIFontExtensionTests.swift */,
			);
			path = Extensions;
			sourceTree = "<group>";
		};
		E3A69E5A2278DE7500F1BB7E = {
			isa = PBXGroup;
			children = (
				E3A69E652278DE7500F1BB7E /* MasterCook */,
				E3A69E7A2278DE7700F1BB7E /* MasterCookTests */,
				E3A69E642278DE7500F1BB7E /* Products */,
				E3A69E892278F14700F1BB7E /* Frameworks */,
				E3A69E872278EF8900F1BB7E /* Cartfile */,
			);
			sourceTree = "<group>";
		};
		E3A69E642278DE7500F1BB7E /* Products */ = {
			isa = PBXGroup;
			children = (
				E3A69E632278DE7500F1BB7E /* MasterCook.app */,
				E3A69E772278DE7700F1BB7E /* MasterCookTests.xctest */,
			);
			name = Products;
			sourceTree = "<group>";
		};
		E3A69E652278DE7500F1BB7E /* MasterCook */ = {
			isa = PBXGroup;
			children = (
				E3A69E8F2278F20600F1BB7E /* App */,
				E3A69E902278F20E00F1BB7E /* Common */,
				E3A69E912278F21600F1BB7E /* Modules */,
				E3A69E922278F21D00F1BB7E /* Resources */,
				E3A69E932278F22300F1BB7E /* SupportFiles */,
			);
			path = MasterCook;
			sourceTree = "<group>";
		};
		E3A69E7A2278DE7700F1BB7E /* MasterCookTests */ = {
			isa = PBXGroup;
			children = (
				E3824F6A227CD96F005FC2E2 /* App */,
				E3824F6D227CDA15005FC2E2 /* Common */,
				E3824F27227C9A17005FC2E2 /* Modules */,
				E3A69E942278F25700F1BB7E /* SupportFiles */,
			);
			path = MasterCookTests;
			sourceTree = "<group>";
		};
		E3A69E892278F14700F1BB7E /* Frameworks */ = {
			isa = PBXGroup;
			children = (
				E3824F21227C99FB005FC2E2 /* Nimble.framework */,
				E3824F22227C99FB005FC2E2 /* Quick.framework */,
				E3A69E8B2278F14700F1BB7E /* Alamofire.framework */,
				E3A69E8A2278F14700F1BB7E /* Kingfisher.framework */,
			);
			name = Frameworks;
			sourceTree = "<group>";
		};
		E3A69E8F2278F20600F1BB7E /* App */ = {
			isa = PBXGroup;
			children = (
				E3A69E662278DE7500F1BB7E /* AppDelegate.swift */,
				E3A69E952278F52700F1BB7E /* AppRouter.swift */,
			);
			path = App;
			sourceTree = "<group>";
		};
		E3A69E902278F20E00F1BB7E /* Common */ = {
			isa = PBXGroup;
			children = (
				E3801984227A272E000AEDD7 /* Components */,
				E3A69EA32278F66600F1BB7E /* Extensions */,
				E380196E227A0B42000AEDD7 /* Libraries */,
			);
			path = Common;
			sourceTree = "<group>";
		};
		E3A69E912278F21600F1BB7E /* Modules */ = {
			isa = PBXGroup;
			children = (
				E3A69E982278F5AC00F1BB7E /* PostDetail */,
				E3A69E972278F5A100F1BB7E /* PostList */,
			);
			path = Modules;
			sourceTree = "<group>";
		};
		E3A69E922278F21D00F1BB7E /* Resources */ = {
			isa = PBXGroup;
			children = (
				E3A69EAE22790C0800F1BB7E /* Fonts */,
				E3A69E6D2278DE7700F1BB7E /* Assets.xcassets */,
				E3A69E6F2278DE7700F1BB7E /* LaunchScreen.storyboard */,
			);
			path = Resources;
			sourceTree = "<group>";
		};
		E3A69E932278F22300F1BB7E /* SupportFiles */ = {
			isa = PBXGroup;
			children = (
				E3A69E722278DE7700F1BB7E /* Info.plist */,
			);
			path = SupportFiles;
			sourceTree = "<group>";
		};
		E3A69E942278F25700F1BB7E /* SupportFiles */ = {
			isa = PBXGroup;
			children = (
				E3824F2A227C9A5F005FC2E2 /* Blog PostsTests-Bridging-Header.h */,
				E3A69E7D2278DE7700F1BB7E /* Info.plist */,
			);
			path = SupportFiles;
			sourceTree = "<group>";
		};
		E3A69E972278F5A100F1BB7E /* PostList */ = {
			isa = PBXGroup;
			children = (
				E380197B227A1B04000AEDD7 /* Entity */,
				E3A69EA12278F61600F1BB7E /* PostListCell.swift */,
				E3801979227A1264000AEDD7 /* PostListInteractor.swift */,
				E3A69E9D2278F5FD00F1BB7E /* PostListPresenter.swift */,
				E3A69E9B2278F5F200F1BB7E /* PostListProtocols.swift */,
				E3A69EA82278F81400F1BB7E /* PostListRouter.swift */,
				E3A69E992278F5E400F1BB7E /* PostListView.swift */,
				E3A69E9F2278F60D00F1BB7E /* PostListWorker.swift */,
			);
			path = PostList;
			sourceTree = "<group>";
		};
		E3A69E982278F5AC00F1BB7E /* PostDetail */ = {
			isa = PBXGroup;
			children = (
				E3824F16227C8483005FC2E2 /* Entity */,
				E3824F12227BA37B005FC2E2 /* PostDetailInteractor.swift */,
				E3A69EB72279207500F1BB7E /* PostDetailPresenter.swift */,
				E3A69EB92279208000F1BB7E /* PostDetailProtocols.swift */,
				E3A69EBF227920B600F1BB7E /* PostDetailRouter.swift */,
				E3A69EBD227920AE00F1BB7E /* PostDetailView.swift */,
				E3824F14227BA4D7005FC2E2 /* PostDetailWorker.swift */,
			);
			path = PostDetail;
			sourceTree = "<group>";
		};
		E3A69EA32278F66600F1BB7E /* Extensions */ = {
			isa = PBXGroup;
			children = (
				E3A69EAA227903D800F1BB7E /* StringExtension.swift */,
				E3A69EAC2279041000F1BB7E /* UIColorExtension.swift */,
				E3A69EB122790D3800F1BB7E /* UIFontExtension.swift */,
				E3A69EB522791E0300F1BB7E /* UINavigationControllerExtension.swift */,
				E3A69EA62278F68400F1BB7E /* UIViewControllerExtension.swift */,
				E3A69EA42278F67300F1BB7E /* UIViewExtension.swift */,
			);
			path = Extensions;
			sourceTree = "<group>";
		};
		E3A69EAE22790C0800F1BB7E /* Fonts */ = {
			isa = PBXGroup;
			children = (
				E3A69EAF22790C1100F1BB7E /* Nunito-Bold.ttf */,
				E3A69EB32279100600F1BB7E /* Nunito-Regular.ttf */,
			);
			path = Fonts;
			sourceTree = "<group>";
		};
/* End PBXGroup section */

/* Begin PBXNativeTarget section */
		E3A69E622278DE7500F1BB7E /* MasterCook */ = {
			isa = PBXNativeTarget;
			buildConfigurationList = E3A69E802278DE7700F1BB7E /* Build configuration list for PBXNativeTarget "MasterCook" */;
			buildPhases = (
				E3A69E5F2278DE7500F1BB7E /* Sources */,
				E3A69E602278DE7500F1BB7E /* Frameworks */,
				E3A69E612278DE7500F1BB7E /* Resources */,
				E3A69E8E2278F15200F1BB7E /* Carthage */,
			);
			buildRules = (
			);
			dependencies = (
			);
			name = MasterCook;
			productName = "Blog Posts";
			productReference = E3A69E632278DE7500F1BB7E /* MasterCook.app */;
			productType = "com.apple.product-type.application";
		};
		E3A69E762278DE7700F1BB7E /* MasterCookTests */ = {
			isa = PBXNativeTarget;
			buildConfigurationList = E3A69E832278DE7700F1BB7E /* Build configuration list for PBXNativeTarget "MasterCookTests" */;
			buildPhases = (
				E3A69E732278DE7700F1BB7E /* Sources */,
				E3A69E742278DE7700F1BB7E /* Frameworks */,
				E3A69E752278DE7700F1BB7E /* Resources */,
			);
			buildRules = (
			);
			dependencies = (
				E3A69E792278DE7700F1BB7E /* PBXTargetDependency */,
			);
			name = MasterCookTests;
			productName = "Blog PostsTests";
			productReference = E3A69E772278DE7700F1BB7E /* MasterCookTests.xctest */;
			productType = "com.apple.product-type.bundle.unit-test";
		};
/* End PBXNativeTarget section */

/* Begin PBXProject section */
		E3A69E5B2278DE7500F1BB7E /* Project object */ = {
			isa = PBXProject;
			attributes = {
				LastSwiftUpdateCheck = 1020;
				LastUpgradeCheck = 1020;
				ORGANIZATIONNAME = "Juliano Terres";
				TargetAttributes = {
					E3A69E622278DE7500F1BB7E = {
						CreatedOnToolsVersion = 10.2;
					};
					E3A69E762278DE7700F1BB7E = {
						CreatedOnToolsVersion = 10.2;
						LastSwiftMigration = 1020;
						TestTargetID = E3A69E622278DE7500F1BB7E;
					};
				};
			};
			buildConfigurationList = E3A69E5E2278DE7500F1BB7E /* Build configuration list for PBXProject "MasterCook" */;
			compatibilityVersion = "Xcode 9.3";
			developmentRegion = en;
			hasScannedForEncodings = 0;
			knownRegions = (
				en,
				Base,
			);
			mainGroup = E3A69E5A2278DE7500F1BB7E;
			productRefGroup = E3A69E642278DE7500F1BB7E /* Products */;
			projectDirPath = "";
			projectRoot = "";
			targets = (
				E3A69E622278DE7500F1BB7E /* MasterCook */,
				E3A69E762278DE7700F1BB7E /* MasterCookTests */,
			);
		};
/* End PBXProject section */

/* Begin PBXResourcesBuildPhase section */
		E3A69E612278DE7500F1BB7E /* Resources */ = {
			isa = PBXResourcesBuildPhase;
			buildActionMask = 2147483647;
			files = (
				E3A69E712278DE7700F1BB7E /* LaunchScreen.storyboard in Resources */,
				E3A69EB022790C1100F1BB7E /* Nunito-Bold.ttf in Resources */,
				E3A69EB42279100600F1BB7E /* Nunito-Regular.ttf in Resources */,
				E3824F4C227CB81D005FC2E2 /* PostListResquestMock.json in Resources */,
				E3824F67227CD1A0005FC2E2 /* PostDetailRequestMock.json in Resources */,
				E3A69E6E2278DE7700F1BB7E /* Assets.xcassets in Resources */,
			);
			runOnlyForDeploymentPostprocessing = 0;
		};
		E3A69E752278DE7700F1BB7E /* Resources */ = {
			isa = PBXResourcesBuildPhase;
			buildActionMask = 2147483647;
			files = (
				E3824F5C227CBA65005FC2E2 /* PostDetailRequestMock.json in Resources */,
				E3824F44227CA225005FC2E2 /* PostListResquestMock.json in Resources */,
			);
			runOnlyForDeploymentPostprocessing = 0;
		};
/* End PBXResourcesBuildPhase section */

/* Begin PBXShellScriptBuildPhase section */
		E3A69E8E2278F15200F1BB7E /* Carthage */ = {
			isa = PBXShellScriptBuildPhase;
			buildActionMask = 2147483647;
			files = (
			);
			inputFileListPaths = (
			);
			inputPaths = (
				"$(SRCROOT)/Carthage/Build/iOS/Kingfisher.framework",
				"$(SRCROOT)/Carthage/Build/iOS/Alamofire.framework",
				"$(SRCROOT)/Carthage/Build/iOS/Nimble.framework",
				"$(SRCROOT)/Carthage/Build/iOS/Quick.framework",
			);
			name = Carthage;
			outputFileListPaths = (
			);
			outputPaths = (
			);
			runOnlyForDeploymentPostprocessing = 0;
			shellPath = /bin/sh;
			shellScript = "/usr/local/bin/carthage copy-frameworks\n";
		};
/* End PBXShellScriptBuildPhase section */

/* Begin PBXSourcesBuildPhase section */
		E3A69E5F2278DE7500F1BB7E /* Sources */ = {
			isa = PBXSourcesBuildPhase;
			buildActionMask = 2147483647;
			files = (
				E3801981227A1E57000AEDD7 /* PostListApiEntity.swift in Sources */,
				E380197A227A1264000AEDD7 /* PostListInteractor.swift in Sources */,
				E3A69E962278F52700F1BB7E /* AppRouter.swift in Sources */,
				E3A69E9E2278F5FD00F1BB7E /* PostListPresenter.swift in Sources */,
				E3A69EBA2279208000F1BB7E /* PostDetailProtocols.swift in Sources */,
				E3A69EB82279207500F1BB7E /* PostDetailPresenter.swift in Sources */,
				E3A69EA72278F68400F1BB7E /* UIViewControllerExtension.swift in Sources */,
				E3801987227A2750000AEDD7 /* ErrorView.swift in Sources */,
				E3A69E9C2278F5F200F1BB7E /* PostListProtocols.swift in Sources */,
				E3824F1A227C8550005FC2E2 /* PostDetailAuthorApiEntity.swift in Sources */,
				E3801983227A2081000AEDD7 /* PostListPresentationEntity.swift in Sources */,
				E3824F42227CA123005FC2E2 /* PostListWorker.swift in Sources */,
				E3824F20227C89A3005FC2E2 /* PostDetailPresentationEntity.swift in Sources */,
				E3A69E9A2278F5E400F1BB7E /* PostListView.swift in Sources */,
				E3801976227A0BB3000AEDD7 /* UrlsApi.swift in Sources */,
				E3824F15227BA4D7005FC2E2 /* PostDetailWorker.swift in Sources */,
				E3A69EBE227920AE00F1BB7E /* PostDetailView.swift in Sources */,
				E3801972227A0B79000AEDD7 /* Network.swift in Sources */,
				E3A69EA92278F81400F1BB7E /* PostListRouter.swift in Sources */,
				E3824F13227BA37B005FC2E2 /* PostDetailInteractor.swift in Sources */,
				E3A69EB622791E0300F1BB7E /* UINavigationControllerExtension.swift in Sources */,
				E3A69E672278DE7500F1BB7E /* AppDelegate.swift in Sources */,
				E3A69EA52278F67300F1BB7E /* UIViewExtension.swift in Sources */,
				E3824F1C227C85C3005FC2E2 /* PostDetailAuthorAddressApiEntity.swift in Sources */,
				E3A69EAB227903D800F1BB7E /* StringExtension.swift in Sources */,
				E3A69EA22278F61600F1BB7E /* PostListCell.swift in Sources */,
				E3801974227A0B84000AEDD7 /* NetworkProtocol.swift in Sources */,
				E3801978227A0BC4000AEDD7 /* UrlsApiProtocol.swift in Sources */,
				E3A69EAD2279041000F1BB7E /* UIColorExtension.swift in Sources */,
				E3A69EB222790D3800F1BB7E /* UIFontExtension.swift in Sources */,
				E3A69EC0227920B600F1BB7E /* PostDetailRouter.swift in Sources */,
				E3824F1E227C86A2005FC2E2 /* PostDetailAuthorCompanyApiEntity.swift in Sources */,
			);
			runOnlyForDeploymentPostprocessing = 0;
		};
		E3A69E732278DE7700F1BB7E /* Sources */ = {
			isa = PBXSourcesBuildPhase;
			buildActionMask = 2147483647;
			files = (
				E3824F56227CBA2E005FC2E2 /* PostDetailViewMock.swift in Sources */,
				E3824F52227CBA18005FC2E2 /* PostDetailPresenterMock.swift in Sources */,
				E3824F58227CBA3B005FC2E2 /* PostDetailWorkerMock.swift in Sources */,
				E3824F62227CBB15005FC2E2 /* PostDetailRouterTests.swift in Sources */,
				E3824F66227CBB2C005FC2E2 /* PostDetailWorkerTests.swift in Sources */,
				E3824F6C227CD97A005FC2E2 /* AppRouterTests.swift in Sources */,
				E3824F54227CBA23005FC2E2 /* PostDetailRouterMock.swift in Sources */,
				E3824F3E227C9AFF005FC2E2 /* PostListInteractorMock.swift in Sources */,
				E3824F70227CDA37005FC2E2 /* UrlsApiTests.swift in Sources */,
				E3824F75227CDF0A005FC2E2 /* UIColorExtensionTests.swift in Sources */,
				E3824F5E227CBAFC005FC2E2 /* PostDetailInteractorTests.swift in Sources */,
				E3824F3A227C9AE7005FC2E2 /* PostListRouterMock.swift in Sources */,
				E3824F3C227C9AF3005FC2E2 /* PostListPresenterMock.swift in Sources */,
				E3824F64227CBB20005FC2E2 /* PostDetailViewTests.swift in Sources */,
				E3824F32227C9AB4005FC2E2 /* PostListPresenterTests.swift in Sources */,
				E3824F60227CBB07005FC2E2 /* PostDetailPresenterTests.swift in Sources */,
				E3824F30227C9AA8005FC2E2 /* PostListRouterTests.swift in Sources */,
				E3824F2C227C9A5F005FC2E2 /* PostListViewTests.swift in Sources */,
				E3824F2E227C9A8F005FC2E2 /* PostListWorkerTests.swift in Sources */,
				E3824F5A227CBA52005FC2E2 /* PostDetailNetworkMock.swift in Sources */,
				E3824F34227C9ABF005FC2E2 /* PostListInteractorTests.swift in Sources */,
				E3824F36227C9ACF005FC2E2 /* PostListWorkerMock.swift in Sources */,
				E3824F4B227CB733005FC2E2 /* PostListNetworkMock.swift in Sources */,
				E3824F38227C9ADA005FC2E2 /* PostListViewMock.swift in Sources */,
				E3824F73227CDDC3005FC2E2 /* UIFontExtensionTests.swift in Sources */,
				E3824F50227CBA0C005FC2E2 /* PostDetailInteractorMock.swift in Sources */,
			);
			runOnlyForDeploymentPostprocessing = 0;
		};
/* End PBXSourcesBuildPhase section */

/* Begin PBXTargetDependency section */
		E3A69E792278DE7700F1BB7E /* PBXTargetDependency */ = {
			isa = PBXTargetDependency;
			target = E3A69E622278DE7500F1BB7E /* MasterCook */;
			targetProxy = E3A69E782278DE7700F1BB7E /* PBXContainerItemProxy */;
		};
/* End PBXTargetDependency section */

/* Begin PBXVariantGroup section */
		E3A69E6F2278DE7700F1BB7E /* LaunchScreen.storyboard */ = {
			isa = PBXVariantGroup;
			children = (
				E3A69E702278DE7700F1BB7E /* Base */,
			);
			name = LaunchScreen.storyboard;
			sourceTree = "<group>";
		};
/* End PBXVariantGroup section */

/* Begin XCBuildConfiguration section */
		E3A69E7E2278DE7700F1BB7E /* Debug */ = {
			isa = XCBuildConfiguration;
			buildSettings = {
				ALWAYS_SEARCH_USER_PATHS = NO;
				CLANG_ANALYZER_NONNULL = YES;
				CLANG_ANALYZER_NUMBER_OBJECT_CONVERSION = YES_AGGRESSIVE;
				CLANG_CXX_LANGUAGE_STANDARD = "gnu++14";
				CLANG_CXX_LIBRARY = "libc++";
				CLANG_ENABLE_MODULES = YES;
				CLANG_ENABLE_OBJC_ARC = YES;
				CLANG_ENABLE_OBJC_WEAK = YES;
				CLANG_WARN_BLOCK_CAPTURE_AUTORELEASING = YES;
				CLANG_WARN_BOOL_CONVERSION = YES;
				CLANG_WARN_COMMA = YES;
				CLANG_WARN_CONSTANT_CONVERSION = YES;
				CLANG_WARN_DEPRECATED_OBJC_IMPLEMENTATIONS = YES;
				CLANG_WARN_DIRECT_OBJC_ISA_USAGE = YES_ERROR;
				CLANG_WARN_DOCUMENTATION_COMMENTS = YES;
				CLANG_WARN_EMPTY_BODY = YES;
				CLANG_WARN_ENUM_CONVERSION = YES;
				CLANG_WARN_INFINITE_RECURSION = YES;
				CLANG_WARN_INT_CONVERSION = YES;
				CLANG_WARN_NON_LITERAL_NULL_CONVERSION = YES;
				CLANG_WARN_OBJC_IMPLICIT_RETAIN_SELF = YES;
				CLANG_WARN_OBJC_LITERAL_CONVERSION = YES;
				CLANG_WARN_OBJC_ROOT_CLASS = YES_ERROR;
				CLANG_WARN_RANGE_LOOP_ANALYSIS = YES;
				CLANG_WARN_STRICT_PROTOTYPES = YES;
				CLANG_WARN_SUSPICIOUS_MOVE = YES;
				CLANG_WARN_UNGUARDED_AVAILABILITY = YES_AGGRESSIVE;
				CLANG_WARN_UNREACHABLE_CODE = YES;
				CLANG_WARN__DUPLICATE_METHOD_MATCH = YES;
				CODE_SIGN_IDENTITY = "iPhone Developer";
				COPY_PHASE_STRIP = NO;
				DEBUG_INFORMATION_FORMAT = dwarf;
				ENABLE_STRICT_OBJC_MSGSEND = YES;
				ENABLE_TESTABILITY = YES;
				GCC_C_LANGUAGE_STANDARD = gnu11;
				GCC_DYNAMIC_NO_PIC = NO;
				GCC_NO_COMMON_BLOCKS = YES;
				GCC_OPTIMIZATION_LEVEL = 0;
				GCC_PREPROCESSOR_DEFINITIONS = (
					"DEBUG=1",
					"$(inherited)",
				);
				GCC_WARN_64_TO_32_BIT_CONVERSION = YES;
				GCC_WARN_ABOUT_RETURN_TYPE = YES_ERROR;
				GCC_WARN_UNDECLARED_SELECTOR = YES;
				GCC_WARN_UNINITIALIZED_AUTOS = YES_AGGRESSIVE;
				GCC_WARN_UNUSED_FUNCTION = YES;
				GCC_WARN_UNUSED_VARIABLE = YES;
				IPHONEOS_DEPLOYMENT_TARGET = 12.2;
				MTL_ENABLE_DEBUG_INFO = INCLUDE_SOURCE;
				MTL_FAST_MATH = YES;
				ONLY_ACTIVE_ARCH = YES;
				SDKROOT = iphoneos;
				SWIFT_ACTIVE_COMPILATION_CONDITIONS = DEBUG;
				SWIFT_OPTIMIZATION_LEVEL = "-Onone";
			};
			name = Debug;
		};
		E3A69E7F2278DE7700F1BB7E /* Release */ = {
			isa = XCBuildConfiguration;
			buildSettings = {
				ALWAYS_SEARCH_USER_PATHS = NO;
				CLANG_ANALYZER_NONNULL = YES;
				CLANG_ANALYZER_NUMBER_OBJECT_CONVERSION = YES_AGGRESSIVE;
				CLANG_CXX_LANGUAGE_STANDARD = "gnu++14";
				CLANG_CXX_LIBRARY = "libc++";
				CLANG_ENABLE_MODULES = YES;
				CLANG_ENABLE_OBJC_ARC = YES;
				CLANG_ENABLE_OBJC_WEAK = YES;
				CLANG_WARN_BLOCK_CAPTURE_AUTORELEASING = YES;
				CLANG_WARN_BOOL_CONVERSION = YES;
				CLANG_WARN_COMMA = YES;
				CLANG_WARN_CONSTANT_CONVERSION = YES;
				CLANG_WARN_DEPRECATED_OBJC_IMPLEMENTATIONS = YES;
				CLANG_WARN_DIRECT_OBJC_ISA_USAGE = YES_ERROR;
				CLANG_WARN_DOCUMENTATION_COMMENTS = YES;
				CLANG_WARN_EMPTY_BODY = YES;
				CLANG_WARN_ENUM_CONVERSION = YES;
				CLANG_WARN_INFINITE_RECURSION = YES;
				CLANG_WARN_INT_CONVERSION = YES;
				CLANG_WARN_NON_LITERAL_NULL_CONVERSION = YES;
				CLANG_WARN_OBJC_IMPLICIT_RETAIN_SELF = YES;
				CLANG_WARN_OBJC_LITERAL_CONVERSION = YES;
				CLANG_WARN_OBJC_ROOT_CLASS = YES_ERROR;
				CLANG_WARN_RANGE_LOOP_ANALYSIS = YES;
				CLANG_WARN_STRICT_PROTOTYPES = YES;
				CLANG_WARN_SUSPICIOUS_MOVE = YES;
				CLANG_WARN_UNGUARDED_AVAILABILITY = YES_AGGRESSIVE;
				CLANG_WARN_UNREACHABLE_CODE = YES;
				CLANG_WARN__DUPLICATE_METHOD_MATCH = YES;
				CODE_SIGN_IDENTITY = "iPhone Developer";
				COPY_PHASE_STRIP = NO;
				DEBUG_INFORMATION_FORMAT = "dwarf-with-dsym";
				ENABLE_NS_ASSERTIONS = NO;
				ENABLE_STRICT_OBJC_MSGSEND = YES;
				GCC_C_LANGUAGE_STANDARD = gnu11;
				GCC_NO_COMMON_BLOCKS = YES;
				GCC_WARN_64_TO_32_BIT_CONVERSION = YES;
				GCC_WARN_ABOUT_RETURN_TYPE = YES_ERROR;
				GCC_WARN_UNDECLARED_SELECTOR = YES;
				GCC_WARN_UNINITIALIZED_AUTOS = YES_AGGRESSIVE;
				GCC_WARN_UNUSED_FUNCTION = YES;
				GCC_WARN_UNUSED_VARIABLE = YES;
				IPHONEOS_DEPLOYMENT_TARGET = 12.2;
				MTL_ENABLE_DEBUG_INFO = NO;
				MTL_FAST_MATH = YES;
				SDKROOT = iphoneos;
				SWIFT_COMPILATION_MODE = wholemodule;
				SWIFT_OPTIMIZATION_LEVEL = "-O";
				VALIDATE_PRODUCT = YES;
			};
			name = Release;
		};
		E3A69E812278DE7700F1BB7E /* Debug */ = {
			isa = XCBuildConfiguration;
			buildSettings = {
				ASSETCATALOG_COMPILER_APPICON_NAME = AppIcon;
				CODE_SIGN_STYLE = Automatic;
				DEVELOPMENT_TEAM = RRP8HRGL7C;
				FRAMEWORK_SEARCH_PATHS = (
					"$(inherited)",
					"$(PROJECT_DIR)/Carthage/Build/iOS",
				);
				INFOPLIST_FILE = MasterCook/SupportFiles/Info.plist;
				LD_RUNPATH_SEARCH_PATHS = (
					"$(inherited)",
					"@executable_path/Frameworks",
				);
				PRODUCT_BUNDLE_IDENTIFIER = "br.com.julianoterres.Blog-Posts";
				PRODUCT_NAME = "$(TARGET_NAME)";
				SWIFT_VERSION = 5.0;
				TARGETED_DEVICE_FAMILY = "1,2";
			};
			name = Debug;
		};
		E3A69E822278DE7700F1BB7E /* Release */ = {
			isa = XCBuildConfiguration;
			buildSettings = {
				ASSETCATALOG_COMPILER_APPICON_NAME = AppIcon;
				CODE_SIGN_STYLE = Automatic;
				DEVELOPMENT_TEAM = RRP8HRGL7C;
				FRAMEWORK_SEARCH_PATHS = (
					"$(inherited)",
					"$(PROJECT_DIR)/Carthage/Build/iOS",
				);
				INFOPLIST_FILE = MasterCook/SupportFiles/Info.plist;
				LD_RUNPATH_SEARCH_PATHS = (
					"$(inherited)",
					"@executable_path/Frameworks",
				);
				PRODUCT_BUNDLE_IDENTIFIER = "br.com.julianoterres.Blog-Posts";
				PRODUCT_NAME = "$(TARGET_NAME)";
				SWIFT_VERSION = 5.0;
				TARGETED_DEVICE_FAMILY = "1,2";
			};
			name = Release;
		};
		E3A69E842278DE7700F1BB7E /* Debug */ = {
			isa = XCBuildConfiguration;
			buildSettings = {
				ALWAYS_EMBED_SWIFT_STANDARD_LIBRARIES = YES;
				BUNDLE_LOADER = "$(TEST_HOST)";
				CLANG_ENABLE_MODULES = YES;
				CODE_SIGN_STYLE = Automatic;
				DEVELOPMENT_TEAM = XPQRN7QUXG;
				FRAMEWORK_SEARCH_PATHS = (
					"$(inherited)",
					"$(PROJECT_DIR)/Carthage/Build/iOS",
				);
				INFOPLIST_FILE = MasterCookTests/SupportFiles/Info.plist;
				LD_RUNPATH_SEARCH_PATHS = (
					"$(inherited)",
					"@executable_path/Frameworks",
					"@loader_path/Frameworks",
				);
				PRODUCT_BUNDLE_IDENTIFIER = "br.com.julianoterres.Blog-PostsTests";
				PRODUCT_NAME = "$(TARGET_NAME)";
				SWIFT_OBJC_BRIDGING_HEADER = "MasterCookTests/SupportFiles/Blog PostsTests-Bridging-Header.h";
				SWIFT_OPTIMIZATION_LEVEL = "-Onone";
				SWIFT_VERSION = 5.0;
				TARGETED_DEVICE_FAMILY = "1,2";
				TEST_HOST = "$(BUILT_PRODUCTS_DIR)/MasterCook.app/MasterCook";
			};
			name = Debug;
		};
		E3A69E852278DE7700F1BB7E /* Release */ = {
			isa = XCBuildConfiguration;
			buildSettings = {
				ALWAYS_EMBED_SWIFT_STANDARD_LIBRARIES = YES;
				BUNDLE_LOADER = "$(TEST_HOST)";
				CLANG_ENABLE_MODULES = YES;
				CODE_SIGN_STYLE = Automatic;
				DEVELOPMENT_TEAM = XPQRN7QUXG;
				FRAMEWORK_SEARCH_PATHS = (
					"$(inherited)",
					"$(PROJECT_DIR)/Carthage/Build/iOS",
				);
				INFOPLIST_FILE = MasterCookTests/SupportFiles/Info.plist;
				LD_RUNPATH_SEARCH_PATHS = (
					"$(inherited)",
					"@executable_path/Frameworks",
					"@loader_path/Frameworks",
				);
				PRODUCT_BUNDLE_IDENTIFIER = "br.com.julianoterres.Blog-PostsTests";
				PRODUCT_NAME = "$(TARGET_NAME)";
				SWIFT_OBJC_BRIDGING_HEADER = "MasterCookTests/SupportFiles/Blog PostsTests-Bridging-Header.h";
				SWIFT_VERSION = 5.0;
				TARGETED_DEVICE_FAMILY = "1,2";
				TEST_HOST = "$(BUILT_PRODUCTS_DIR)/MasterCook.app/MasterCook";
			};
			name = Release;
		};
/* End XCBuildConfiguration section */

/* Begin XCConfigurationList section */
		E3A69E5E2278DE7500F1BB7E /* Build configuration list for PBXProject "MasterCook" */ = {
			isa = XCConfigurationList;
			buildConfigurations = (
				E3A69E7E2278DE7700F1BB7E /* Debug */,
				E3A69E7F2278DE7700F1BB7E /* Release */,
			);
			defaultConfigurationIsVisible = 0;
			defaultConfigurationName = Release;
		};
		E3A69E802278DE7700F1BB7E /* Build configuration list for PBXNativeTarget "MasterCook" */ = {
			isa = XCConfigurationList;
			buildConfigurations = (
				E3A69E812278DE7700F1BB7E /* Debug */,
				E3A69E822278DE7700F1BB7E /* Release */,
			);
			defaultConfigurationIsVisible = 0;
			defaultConfigurationName = Release;
		};
		E3A69E832278DE7700F1BB7E /* Build configuration list for PBXNativeTarget "MasterCookTests" */ = {
			isa = XCConfigurationList;
			buildConfigurations = (
				E3A69E842278DE7700F1BB7E /* Debug */,
				E3A69E852278DE7700F1BB7E /* Release */,
			);
			defaultConfigurationIsVisible = 0;
			defaultConfigurationName = Release;
		};
/* End XCConfigurationList section */
	};
	rootObject = E3A69E5B2278DE7500F1BB7E /* Project object */;
}
